
Microsoft Visual Studio Solution File, Format Version 12.00
# Visual Studio Version 17
VisualStudioVersion = 17.6.33829.357
MinimumVisualStudioVersion = 10.0.40219.1
Project("{FAE04EC0-301F-11D3-BF4B-00C04F79EFBC}") = "API_PRUEBAS", "API_PRUEBAS\API_PRUEBAS.csproj", "{EAC11AC9-0900-4F02-BF17-476A49F8E67E}"
EndProject
Global
	GlobalSection(SolutionConfigurationPlatforms) = preSolution
		Debug|Any CPU = Debug|Any CPU
		Release|Any CPU = Release|Any CPU
	EndGlobalSection
	GlobalSection(ProjectConfigurationPlatforms) = postSolution
		{EAC11AC9-0900-4F02-BF17-476A49F8E67E}.Debug|Any CPU.ActiveCfg = Debug|Any CPU
		{EAC11AC9-0900-4F02-BF17-476A49F8E67E}.Debug|Any CPU.Build.0 = Debug|Any CPU
		{EAC11AC9-0900-4F02-BF17-476A49F8E67E}.Release|Any CPU.ActiveCfg = Release|Any CPU
		{EAC11AC9-0900-4F02-BF17-476A49F8E67E}.Release|Any CPU.Build.0 = Release|Any CPU
	EndGlobalSection
	GlobalSection(SolutionProperties) = preSolution
		HideSolutionNode = FALSE
	EndGlobalSection
	GlobalSection(ExtensibilityGlobals) = postSolution
		SolutionGuid = {728AB58E-D877-427F-B3B3-55C3D1272146}
	EndGlobalSection
EndGlobal
